
Microsoft Visual Studio Solution File, Format Version 12.00
# Visual Studio Version 17
VisualStudioVersion = 17.8.34330.188
MinimumVisualStudioVersion = 10.0.40219.1
Project("{2150E333-8FDC-42A3-9474-1A3956D46DE8}") = "Frontends", "Frontends", "{C7299E15-41ED-4EAA-AABA-2F17BFCAF064}"
EndProject
Project("{2150E333-8FDC-42A3-9474-1A3956D46DE8}") = "Gateways", "Gateways", "{6716FD66-6927-4539-A804-072E943E8208}"
EndProject
Project("{2150E333-8FDC-42A3-9474-1A3956D46DE8}") = "IdentityServer", "IdentityServer", "{B8C3981D-7627-4FF8-AE65-8264CE798399}"
EndProject
Project("{2150E333-8FDC-42A3-9474-1A3956D46DE8}") = "Services", "Services", "{693018A7-BF9D-4354-B9E3-8F3E5A122BD4}"
EndProject
Project("{2150E333-8FDC-42A3-9474-1A3956D46DE8}") = "Shared", "Shared", "{7FA6CFB7-1C26-454E-8873-B004539D26A6}"
EndProject
Project("{2150E333-8FDC-42A3-9474-1A3956D46DE8}") = "ToDoList", "ToDoList", "{9B70880E-9BA4-4AE9-AA64-C633D6393705}"
EndProject
Project("{2150E333-8FDC-42A3-9474-1A3956D46DE8}") = "Basket", "Basket", "{B2ABA2D2-FA65-4CB1-AFDE-9F1C951DF6AE}"
EndProject
Project("{2150E333-8FDC-42A3-9474-1A3956D46DE8}") = "Cargo", "Cargo", "{9AA3186F-4998-41F1-9501-DEB93E8B9ED3}"
EndProject
Project("{2150E333-8FDC-42A3-9474-1A3956D46DE8}") = "Catalog", "Catalog", "{2D12BB2A-8938-4B4E-B353-EA20B74E9F59}"
EndProject
Project("{2150E333-8FDC-42A3-9474-1A3956D46DE8}") = "Comment", "Comment", "{1731DC3D-1ABE-4F48-966A-64B7809C18EC}"
EndProject
Project("{2150E333-8FDC-42A3-9474-1A3956D46DE8}") = "Discount", "Discount", "{1894CD28-12B0-47E6-8EF2-0A707BEF5EDD}"
EndProject
Project("{2150E333-8FDC-42A3-9474-1A3956D46DE8}") = "Order", "Order", "{B47DEC3B-99BA-49CC-8368-6868E5549748}"
EndProject
Project("{2150E333-8FDC-42A3-9474-1A3956D46DE8}") = "Payment", "Payment", "{67E2A81A-276D-4C1A-8ED7-CF7CDF03B20F}"
EndProject
Project("{2150E333-8FDC-42A3-9474-1A3956D46DE8}") = "PhotoStock", "PhotoStock", "{EF6D0CAB-CD26-4BDB-8230-54B50DF7F6A9}"
EndProject
Project("{9A19103F-16F7-4668-BE54-9A1E7A4F7556}") = "MyAcademyECommerce.Services.Catalog", "Services\Catalog\MyAcademyECommerce.Services.Catalog\MyAcademyECommerce.Services.Catalog.csproj", "{B4CF5379-3C2F-4281-9E75-94042A2ADF85}"
EndProject
Project("{9A19103F-16F7-4668-BE54-9A1E7A4F7556}") = "MyAcademyECommerce.Shared", "Shared\MyAcademyECommerce.Shared\MyAcademyECommerce.Shared.csproj", "{113D31F3-A0EE-4A62-A6E0-5277829B02C9}"
EndProject
Project("{FAE04EC0-301F-11D3-BF4B-00C04F79EFBC}") = "MyAcademyECommerce.Discount", "Services\Discount\MyAcademyECommerce.Discount\MyAcademyECommerce.Discount.csproj", "{B31890FE-15E8-48AA-8A4E-1BE7E1B05E1D}"
EndProject
Global
	GlobalSection(SolutionConfigurationPlatforms) = preSolution
		Debug|Any CPU = Debug|Any CPU
		Release|Any CPU = Release|Any CPU
	EndGlobalSection
	GlobalSection(ProjectConfigurationPlatforms) = postSolution
		{B4CF5379-3C2F-4281-9E75-94042A2ADF85}.Debug|Any CPU.ActiveCfg = Debug|Any CPU
		{B4CF5379-3C2F-4281-9E75-94042A2ADF85}.Debug|Any CPU.Build.0 = Debug|Any CPU
		{B4CF5379-3C2F-4281-9E75-94042A2ADF85}.Release|Any CPU.ActiveCfg = Release|Any CPU
		{B4CF5379-3C2F-4281-9E75-94042A2ADF85}.Release|Any CPU.Build.0 = Release|Any CPU
		{113D31F3-A0EE-4A62-A6E0-5277829B02C9}.Debug|Any CPU.ActiveCfg = Debug|Any CPU
		{113D31F3-A0EE-4A62-A6E0-5277829B02C9}.Debug|Any CPU.Build.0 = Debug|Any CPU
		{113D31F3-A0EE-4A62-A6E0-5277829B02C9}.Release|Any CPU.ActiveCfg = Release|Any CPU
		{113D31F3-A0EE-4A62-A6E0-5277829B02C9}.Release|Any CPU.Build.0 = Release|Any CPU
		{B31890FE-15E8-48AA-8A4E-1BE7E1B05E1D}.Debug|Any CPU.ActiveCfg = Debug|Any CPU
		{B31890FE-15E8-48AA-8A4E-1BE7E1B05E1D}.Debug|Any CPU.Build.0 = Debug|Any CPU
		{B31890FE-15E8-48AA-8A4E-1BE7E1B05E1D}.Release|Any CPU.ActiveCfg = Release|Any CPU
		{B31890FE-15E8-48AA-8A4E-1BE7E1B05E1D}.Release|Any CPU.Build.0 = Release|Any CPU
	EndGlobalSection
	GlobalSection(SolutionProperties) = preSolution
		HideSolutionNode = FALSE
	EndGlobalSection
	GlobalSection(NestedProjects) = preSolution
		{B2ABA2D2-FA65-4CB1-AFDE-9F1C951DF6AE} = {693018A7-BF9D-4354-B9E3-8F3E5A122BD4}
		{9AA3186F-4998-41F1-9501-DEB93E8B9ED3} = {693018A7-BF9D-4354-B9E3-8F3E5A122BD4}
		{2D12BB2A-8938-4B4E-B353-EA20B74E9F59} = {693018A7-BF9D-4354-B9E3-8F3E5A122BD4}
		{1731DC3D-1ABE-4F48-966A-64B7809C18EC} = {693018A7-BF9D-4354-B9E3-8F3E5A122BD4}
		{1894CD28-12B0-47E6-8EF2-0A707BEF5EDD} = {693018A7-BF9D-4354-B9E3-8F3E5A122BD4}
		{B47DEC3B-99BA-49CC-8368-6868E5549748} = {693018A7-BF9D-4354-B9E3-8F3E5A122BD4}
		{67E2A81A-276D-4C1A-8ED7-CF7CDF03B20F} = {693018A7-BF9D-4354-B9E3-8F3E5A122BD4}
		{EF6D0CAB-CD26-4BDB-8230-54B50DF7F6A9} = {693018A7-BF9D-4354-B9E3-8F3E5A122BD4}
		{B4CF5379-3C2F-4281-9E75-94042A2ADF85} = {2D12BB2A-8938-4B4E-B353-EA20B74E9F59}
		{113D31F3-A0EE-4A62-A6E0-5277829B02C9} = {7FA6CFB7-1C26-454E-8873-B004539D26A6}
		{B31890FE-15E8-48AA-8A4E-1BE7E1B05E1D} = {1894CD28-12B0-47E6-8EF2-0A707BEF5EDD}
	EndGlobalSection
	GlobalSection(ExtensibilityGlobals) = postSolution
		SolutionGuid = {224FBD48-240F-46A0-8CE8-EA3F4A3F4413}
	EndGlobalSection
EndGlobal
